
Microsoft Visual Studio Solution File, Format Version 12.00
# Visual Studio Version 17
VisualStudioVersion = 17.0.31903.59
MinimumVisualStudioVersion = 10.0.40219.1
Project("{8BC9CEB8-8B4A-11D0-8D11-00A0C91BC942}") = "7-1", "자구응용 실습_채점서버\자구응용 실습_채점서버.vcxproj", "{DF82DE55-2FDF-490A-81E6-BBBFD3CDCE2E}"
EndProject
Project("{8BC9CEB8-8B4A-11D0-8D11-00A0C91BC942}") = "7-2", "7-2\7-2.vcxproj", "{B6A3E656-3BC1-4EE2-AC52-EC8287C270C8}"
EndProject
Project("{8BC9CEB8-8B4A-11D0-8D11-00A0C91BC942}") = "7-3", "7-3\7-3.vcxproj", "{B6B36B7D-7E08-4E19-981D-579908C4489A}"
EndProject
Project("{8BC9CEB8-8B4A-11D0-8D11-00A0C91BC942}") = "8-1", "8-1\8-1.vcxproj", "{969BCEF0-019F-4340-B564-95EF72F6B91B}"
EndProject
Project("{8BC9CEB8-8B4A-11D0-8D11-00A0C91BC942}") = "8-2", "8-2\8-2.vcxproj", "{B9D380EC-5B56-4AD5-85B3-199D0539EC64}"
EndProject
Project("{8BC9CEB8-8B4A-11D0-8D11-00A0C91BC942}") = "8-3", "8-3\8-3.vcxproj", "{AB4B5D36-39DC-4D66-916C-416F667335A8}"
EndProject
Project("{8BC9CEB8-8B4A-11D0-8D11-00A0C91BC942}") = "9-1", "9-1\9-1.vcxproj", "{1907498B-ECCC-4CE7-B35F-E2E08F4F2AFD}"
EndProject
Project("{8BC9CEB8-8B4A-11D0-8D11-00A0C91BC942}") = "9-2", "9-2\9-2.vcxproj", "{975940C4-9C60-454A-9DB8-D470C5FC4772}"
EndProject
Global
	GlobalSection(SolutionConfigurationPlatforms) = preSolution
		Debug|x64 = Debug|x64
		Debug|x86 = Debug|x86
		Release|x64 = Release|x64
		Release|x86 = Release|x86
	EndGlobalSection
	GlobalSection(ProjectConfigurationPlatforms) = postSolution
		{DF82DE55-2FDF-490A-81E6-BBBFD3CDCE2E}.Debug|x64.ActiveCfg = Debug|x64
		{DF82DE55-2FDF-490A-81E6-BBBFD3CDCE2E}.Debug|x64.Build.0 = Debug|x64
		{DF82DE55-2FDF-490A-81E6-BBBFD3CDCE2E}.Debug|x86.ActiveCfg = Debug|Win32
		{DF82DE55-2FDF-490A-81E6-BBBFD3CDCE2E}.Debug|x86.Build.0 = Debug|Win32
		{DF82DE55-2FDF-490A-81E6-BBBFD3CDCE2E}.Release|x64.ActiveCfg = Release|x64
		{DF82DE55-2FDF-490A-81E6-BBBFD3CDCE2E}.Release|x64.Build.0 = Release|x64
		{DF82DE55-2FDF-490A-81E6-BBBFD3CDCE2E}.Release|x86.ActiveCfg = Release|Win32
		{DF82DE55-2FDF-490A-81E6-BBBFD3CDCE2E}.Release|x86.Build.0 = Release|Win32
		{B6A3E656-3BC1-4EE2-AC52-EC8287C270C8}.Debug|x64.ActiveCfg = Debug|x64
		{B6A3E656-3BC1-4EE2-AC52-EC8287C270C8}.Debug|x64.Build.0 = Debug|x64
		{B6A3E656-3BC1-4EE2-AC52-EC8287C270C8}.Debug|x86.ActiveCfg = Debug|Win32
		{B6A3E656-3BC1-4EE2-AC52-EC8287C270C8}.Debug|x86.Build.0 = Debug|Win32
		{B6A3E656-3BC1-4EE2-AC52-EC8287C270C8}.Release|x64.ActiveCfg = Release|x64
		{B6A3E656-3BC1-4EE2-AC52-EC8287C270C8}.Release|x64.Build.0 = Release|x64
		{B6A3E656-3BC1-4EE2-AC52-EC8287C270C8}.Release|x86.ActiveCfg = Release|Win32
		{B6A3E656-3BC1-4EE2-AC52-EC8287C270C8}.Release|x86.Build.0 = Release|Win32
		{B6B36B7D-7E08-4E19-981D-579908C4489A}.Debug|x64.ActiveCfg = Debug|x64
		{B6B36B7D-7E08-4E19-981D-579908C4489A}.Debug|x64.Build.0 = Debug|x64
		{B6B36B7D-7E08-4E19-981D-579908C4489A}.Debug|x86.ActiveCfg = Debug|Win32
		{B6B36B7D-7E08-4E19-981D-579908C4489A}.Debug|x86.Build.0 = Debug|Win32
		{B6B36B7D-7E08-4E19-981D-579908C4489A}.Release|x64.ActiveCfg = Release|x64
		{B6B36B7D-7E08-4E19-981D-579908C4489A}.Release|x64.Build.0 = Release|x64
		{B6B36B7D-7E08-4E19-981D-579908C4489A}.Release|x86.ActiveCfg = Release|Win32
		{B6B36B7D-7E08-4E19-981D-579908C4489A}.Release|x86.Build.0 = Release|Win32
		{969BCEF0-019F-4340-B564-95EF72F6B91B}.Debug|x64.ActiveCfg = Debug|x64
		{969BCEF0-019F-4340-B564-95EF72F6B91B}.Debug|x64.Build.0 = Debug|x64
		{969BCEF0-019F-4340-B564-95EF72F6B91B}.Debug|x86.ActiveCfg = Debug|Win32
		{969BCEF0-019F-4340-B564-95EF72F6B91B}.Debug|x86.Build.0 = Debug|Win32
		{969BCEF0-019F-4340-B564-95EF72F6B91B}.Release|x64.ActiveCfg = Release|x64
		{969BCEF0-019F-4340-B564-95EF72F6B91B}.Release|x64.Build.0 = Release|x64
		{969BCEF0-019F-4340-B564-95EF72F6B91B}.Release|x86.ActiveCfg = Release|Win32
		{969BCEF0-019F-4340-B564-95EF72F6B91B}.Release|x86.Build.0 = Release|Win32
		{B9D380EC-5B56-4AD5-85B3-199D0539EC64}.Debug|x64.ActiveCfg = Debug|x64
		{B9D380EC-5B56-4AD5-85B3-199D0539EC64}.Debug|x64.Build.0 = Debug|x64
		{B9D380EC-5B56-4AD5-85B3-199D0539EC64}.Debug|x86.ActiveCfg = Debug|Win32
		{B9D380EC-5B56-4AD5-85B3-199D0539EC64}.Debug|x86.Build.0 = Debug|Win32
		{B9D380EC-5B56-4AD5-85B3-199D0539EC64}.Release|x64.ActiveCfg = Release|x64
		{B9D380EC-5B56-4AD5-85B3-199D0539EC64}.Release|x64.Build.0 = Release|x64
		{B9D380EC-5B56-4AD5-85B3-199D0539EC64}.Release|x86.ActiveCfg = Release|Win32
		{B9D380EC-5B56-4AD5-85B3-199D0539EC64}.Release|x86.Build.0 = Release|Win32
		{AB4B5D36-39DC-4D66-916C-416F667335A8}.Debug|x64.ActiveCfg = Debug|x64
		{AB4B5D36-39DC-4D66-916C-416F667335A8}.Debug|x64.Build.0 = Debug|x64
		{AB4B5D36-39DC-4D66-916C-416F667335A8}.Debug|x86.ActiveCfg = Debug|Win32
		{AB4B5D36-39DC-4D66-916C-416F667335A8}.Debug|x86.Build.0 = Debug|Win32
		{AB4B5D36-39DC-4D66-916C-416F667335A8}.Release|x64.ActiveCfg = Release|x64
		{AB4B5D36-39DC-4D66-916C-416F667335A8}.Release|x64.Build.0 = Release|x64
		{AB4B5D36-39DC-4D66-916C-416F667335A8}.Release|x86.ActiveCfg = Release|Win32
		{AB4B5D36-39DC-4D66-916C-416F667335A8}.Release|x86.Build.0 = Release|Win32
		{1907498B-ECCC-4CE7-B35F-E2E08F4F2AFD}.Debug|x64.ActiveCfg = Debug|x64
		{1907498B-ECCC-4CE7-B35F-E2E08F4F2AFD}.Debug|x64.Build.0 = Debug|x64
		{1907498B-ECCC-4CE7-B35F-E2E08F4F2AFD}.Debug|x86.ActiveCfg = Debug|Win32
		{1907498B-ECCC-4CE7-B35F-E2E08F4F2AFD}.Debug|x86.Build.0 = Debug|Win32
		{1907498B-ECCC-4CE7-B35F-E2E08F4F2AFD}.Release|x64.ActiveCfg = Release|x64
		{1907498B-ECCC-4CE7-B35F-E2E08F4F2AFD}.Release|x64.Build.0 = Release|x64
		{1907498B-ECCC-4CE7-B35F-E2E08F4F2AFD}.Release|x86.ActiveCfg = Release|Win32
		{1907498B-ECCC-4CE7-B35F-E2E08F4F2AFD}.Release|x86.Build.0 = Release|Win32
		{975940C4-9C60-454A-9DB8-D470C5FC4772}.Debug|x64.ActiveCfg = Debug|x64
		{975940C4-9C60-454A-9DB8-D470C5FC4772}.Debug|x64.Build.0 = Debug|x64
		{975940C4-9C60-454A-9DB8-D470C5FC4772}.Debug|x86.ActiveCfg = Debug|Win32
		{975940C4-9C60-454A-9DB8-D470C5FC4772}.Debug|x86.Build.0 = Debug|Win32
		{975940C4-9C60-454A-9DB8-D470C5FC4772}.Release|x64.ActiveCfg = Release|x64
		{975940C4-9C60-454A-9DB8-D470C5FC4772}.Release|x64.Build.0 = Release|x64
		{975940C4-9C60-454A-9DB8-D470C5FC4772}.Release|x86.ActiveCfg = Release|Win32
		{975940C4-9C60-454A-9DB8-D470C5FC4772}.Release|x86.Build.0 = Release|Win32
	EndGlobalSection
	GlobalSection(SolutionProperties) = preSolution
		HideSolutionNode = FALSE
	EndGlobalSection
	GlobalSection(ExtensibilityGlobals) = postSolution
		SolutionGuid = {CF8F8444-9193-4F8B-B9E7-0B3F8AC8C99C}
	EndGlobalSection
EndGlobal
